
Microsoft Visual Studio Solution File, Format Version 12.00
# Visual Studio Version 17
VisualStudioVersion = 17.14.36518.9
MinimumVisualStudioVersion = 10.0.40219.1
Project("{FAE04EC0-301F-11D3-BF4B-00C04F79EFBC}") = "Email_notfiction_system", "Email_notfiction_system\Email_notfiction_system.csproj", "{3789676F-DEF1-4DC0-9950-348770EBF078}"
EndProject
Global
	GlobalSection(SolutionConfigurationPlatforms) = preSolution
		Debug|Any CPU = Debug|Any CPU
		Release|Any CPU = Release|Any CPU
	EndGlobalSection
	GlobalSection(ProjectConfigurationPlatforms) = postSolution
		{3789676F-DEF1-4DC0-9950-348770EBF078}.Debug|Any CPU.ActiveCfg = Debug|Any CPU
		{3789676F-DEF1-4DC0-9950-348770EBF078}.Debug|Any CPU.Build.0 = Debug|Any CPU
		{3789676F-DEF1-4DC0-9950-348770EBF078}.Release|Any CPU.ActiveCfg = Release|Any CPU
		{3789676F-DEF1-4DC0-9950-348770EBF078}.Release|Any CPU.Build.0 = Release|Any CPU
	EndGlobalSection
	GlobalSection(SolutionProperties) = preSolution
		HideSolutionNode = FALSE
	EndGlobalSection
	GlobalSection(ExtensibilityGlobals) = postSolution
		SolutionGuid = {F34E8B8A-75F5-4EBC-BE4E-0A99698F52E5}
	EndGlobalSection
EndGlobal
